
Microsoft Visual Studio Solution File, Format Version 12.00
# Visual Studio Version 17
VisualStudioVersion = 17.0.31903.59
MinimumVisualStudioVersion = 10.0.40219.1
Project("{2150E333-8FDC-42A3-9474-1A3956D46DE8}") = "Cut-Roll-Movies", "Cut-Roll-Movies", "{1F0EC2F3-6606-49B0-811A-230EA36AEBE3}"
EndProject
Project("{2150E333-8FDC-42A3-9474-1A3956D46DE8}") = "src", "src", "{EE4290FD-3668-41EF-87A9-160492916B02}"
EndProject
Project("{FAE04EC0-301F-11D3-BF4B-00C04F79EFBC}") = "Cut-Roll-Movies.Infrastructure", "Cut-Roll-Movies\src\Cut-Roll-Movies.Infrastructure\Cut-Roll-Movies.Infrastructure.csproj", "{6F848635-F2FA-4BAD-982A-1720546CFF6B}"
EndProject
Project("{FAE04EC0-301F-11D3-BF4B-00C04F79EFBC}") = "Cut-Roll-Movies.Api", "Cut-Roll-Movies\src\Cut-Roll-Movies.Api\Cut-Roll-Movies.Api.csproj", "{57D0AD38-71B1-4D32-B12B-0906D6451825}"
EndProject
Project("{FAE04EC0-301F-11D3-BF4B-00C04F79EFBC}") = "Cut-Roll-Movies.Core", "Cut-Roll-Movies\src\Cut-Roll-Movies.Core\Cut-Roll-Movies.Core.csproj", "{93055217-3612-4E08-AEA1-60008A94B438}"
EndProject
Global
	GlobalSection(SolutionConfigurationPlatforms) = preSolution
		Debug|Any CPU = Debug|Any CPU
		Release|Any CPU = Release|Any CPU
	EndGlobalSection
	GlobalSection(SolutionProperties) = preSolution
		HideSolutionNode = FALSE
	EndGlobalSection
	GlobalSection(ProjectConfigurationPlatforms) = postSolution
		{6F848635-F2FA-4BAD-982A-1720546CFF6B}.Debug|Any CPU.ActiveCfg = Debug|Any CPU
		{6F848635-F2FA-4BAD-982A-1720546CFF6B}.Debug|Any CPU.Build.0 = Debug|Any CPU
		{6F848635-F2FA-4BAD-982A-1720546CFF6B}.Release|Any CPU.ActiveCfg = Release|Any CPU
		{6F848635-F2FA-4BAD-982A-1720546CFF6B}.Release|Any CPU.Build.0 = Release|Any CPU
		{57D0AD38-71B1-4D32-B12B-0906D6451825}.Debug|Any CPU.ActiveCfg = Debug|Any CPU
		{57D0AD38-71B1-4D32-B12B-0906D6451825}.Debug|Any CPU.Build.0 = Debug|Any CPU
		{57D0AD38-71B1-4D32-B12B-0906D6451825}.Release|Any CPU.ActiveCfg = Release|Any CPU
		{57D0AD38-71B1-4D32-B12B-0906D6451825}.Release|Any CPU.Build.0 = Release|Any CPU
		{93055217-3612-4E08-AEA1-60008A94B438}.Debug|Any CPU.ActiveCfg = Debug|Any CPU
		{93055217-3612-4E08-AEA1-60008A94B438}.Debug|Any CPU.Build.0 = Debug|Any CPU
		{93055217-3612-4E08-AEA1-60008A94B438}.Release|Any CPU.ActiveCfg = Release|Any CPU
		{93055217-3612-4E08-AEA1-60008A94B438}.Release|Any CPU.Build.0 = Release|Any CPU
	EndGlobalSection
	GlobalSection(NestedProjects) = preSolution
		{EE4290FD-3668-41EF-87A9-160492916B02} = {1F0EC2F3-6606-49B0-811A-230EA36AEBE3}
		{6F848635-F2FA-4BAD-982A-1720546CFF6B} = {EE4290FD-3668-41EF-87A9-160492916B02}
		{57D0AD38-71B1-4D32-B12B-0906D6451825} = {EE4290FD-3668-41EF-87A9-160492916B02}
		{93055217-3612-4E08-AEA1-60008A94B438} = {EE4290FD-3668-41EF-87A9-160492916B02}
	EndGlobalSection
EndGlobal
